
Microsoft Visual Studio Solution File, Format Version 12.00
# Visual Studio 14
VisualStudioVersion = 14.0.24720.0
MinimumVisualStudioVersion = 10.0.40219.1
Project("{FAE04EC0-301F-11D3-BF4B-00C04F79EFBC}") = "AGLCodeChallenge", "AGLCodeChallenge\AGLCodeChallenge.csproj", "{E7E919C2-1BC2-462D-AFDA-EC4A456415B4}"
EndProject
Project("{2150E333-8FDC-42A3-9474-1A3956D46DE8}") = "Solution Items", "Solution Items", "{1659F4BD-F113-4337-B839-2A0C61CC12DA}"
	ProjectSection(SolutionItems) = preProject
		Gruntfile.js = Gruntfile.js
		karma.conf.js = karma.conf.js
		karma.coverage.conf.js = karma.coverage.conf.js
		karma.debug.conf.js = karma.debug.conf.js
		package.json = package.json
	EndProjectSection
EndProject
Project("{FAE04EC0-301F-11D3-BF4B-00C04F79EFBC}") = "AGLCodeChallengeTests", "AGLCodeChallengeTests\AGLCodeChallengeTests.csproj", "{E47500D3-3D55-476A-B4F3-37364C8FC377}"
EndProject
Global
	GlobalSection(SolutionConfigurationPlatforms) = preSolution
		Debug|Any CPU = Debug|Any CPU
		Release|Any CPU = Release|Any CPU
	EndGlobalSection
	GlobalSection(ProjectConfigurationPlatforms) = postSolution
		{E7E919C2-1BC2-462D-AFDA-EC4A456415B4}.Debug|Any CPU.ActiveCfg = Debug|Any CPU
		{E7E919C2-1BC2-462D-AFDA-EC4A456415B4}.Debug|Any CPU.Build.0 = Debug|Any CPU
		{E7E919C2-1BC2-462D-AFDA-EC4A456415B4}.Release|Any CPU.ActiveCfg = Release|Any CPU
		{E7E919C2-1BC2-462D-AFDA-EC4A456415B4}.Release|Any CPU.Build.0 = Release|Any CPU
		{E47500D3-3D55-476A-B4F3-37364C8FC377}.Debug|Any CPU.ActiveCfg = Debug|Any CPU
		{E47500D3-3D55-476A-B4F3-37364C8FC377}.Debug|Any CPU.Build.0 = Debug|Any CPU
		{E47500D3-3D55-476A-B4F3-37364C8FC377}.Release|Any CPU.ActiveCfg = Release|Any CPU
		{E47500D3-3D55-476A-B4F3-37364C8FC377}.Release|Any CPU.Build.0 = Release|Any CPU
	EndGlobalSection
	GlobalSection(SolutionProperties) = preSolution
		HideSolutionNode = FALSE
	EndGlobalSection
EndGlobal
